
Microsoft Visual Studio Solution File, Format Version 12.00
# Visual Studio Version 16
VisualStudioVersion = 16.0.29709.97
MinimumVisualStudioVersion = 10.0.40219.1
Project("{FAE04EC0-301F-11D3-BF4B-00C04F79EFBC}") = "İlaçEczaOtomasyonu", "İlaçEczaOtomasyonu.csproj", "{ADE6EB56-5597-496C-A3EA-4567DAD42F7E}"
EndProject
Global
	GlobalSection(SolutionConfigurationPlatforms) = preSolution
		Debug|Any CPU = Debug|Any CPU
		Release|Any CPU = Release|Any CPU
	EndGlobalSection
	GlobalSection(ProjectConfigurationPlatforms) = postSolution
		{ADE6EB56-5597-496C-A3EA-4567DAD42F7E}.Debug|Any CPU.ActiveCfg = Debug|Any CPU
		{ADE6EB56-5597-496C-A3EA-4567DAD42F7E}.Debug|Any CPU.Build.0 = Debug|Any CPU
		{ADE6EB56-5597-496C-A3EA-4567DAD42F7E}.Release|Any CPU.ActiveCfg = Release|Any CPU
		{ADE6EB56-5597-496C-A3EA-4567DAD42F7E}.Release|Any CPU.Build.0 = Release|Any CPU
	EndGlobalSection
	GlobalSection(SolutionProperties) = preSolution
		HideSolutionNode = FALSE
	EndGlobalSection
	GlobalSection(ExtensibilityGlobals) = postSolution
		SolutionGuid = {9B15684C-4958-40C2-8795-9344869DF426}
	EndGlobalSection
EndGlobal
